
Microsoft Visual Studio Solution File, Format Version 12.00
# Visual Studio Version 17
VisualStudioVersion = 17.0.32014.148
MinimumVisualStudioVersion = 10.0.40219.1
Project("{FAE04EC0-301F-11D3-BF4B-00C04F79EFBC}") = "EmployeeHierarchy", "EmployeeHierarchy.csproj", "{B693CAA6-BDBF-47B8-BA3C-69FAB973393A}"
EndProject
Global
	GlobalSection(SolutionConfigurationPlatforms) = preSolution
		Debug|Any CPU = Debug|Any CPU
		Release|Any CPU = Release|Any CPU
	EndGlobalSection
	GlobalSection(ProjectConfigurationPlatforms) = postSolution
		{B693CAA6-BDBF-47B8-BA3C-69FAB973393A}.Debug|Any CPU.ActiveCfg = Debug|Any CPU
		{B693CAA6-BDBF-47B8-BA3C-69FAB973393A}.Debug|Any CPU.Build.0 = Debug|Any CPU
		{B693CAA6-BDBF-47B8-BA3C-69FAB973393A}.Release|Any CPU.ActiveCfg = Release|Any CPU
		{B693CAA6-BDBF-47B8-BA3C-69FAB973393A}.Release|Any CPU.Build.0 = Release|Any CPU
	EndGlobalSection
	GlobalSection(SolutionProperties) = preSolution
		HideSolutionNode = FALSE
	EndGlobalSection
	GlobalSection(ExtensibilityGlobals) = postSolution
		SolutionGuid = {51B5D005-57CA-48AA-9618-8F0C90525C17}
	EndGlobalSection
EndGlobal
